
Microsoft Visual Studio Solution File, Format Version 12.00
# Visual Studio Version 16
VisualStudioVersion = 16.0.30114.105
MinimumVisualStudioVersion = 10.0.40219.1
Project("{FAE04EC0-301F-11D3-BF4B-00C04F79EFBC}") = "API", "API\API.csproj", "{927B97E8-4415-4AF2-9645-443B3B96FED5}"
EndProject
Project("{FAE04EC0-301F-11D3-BF4B-00C04F79EFBC}") = "Application", "Application\Application.csproj", "{648735EF-5878-4CC6-BFF1-15F1B2FBE7D6}"
EndProject
Project("{FAE04EC0-301F-11D3-BF4B-00C04F79EFBC}") = "Persistence", "Persistence\Persistence.csproj", "{914669FE-0AFE-4933-AEDF-F0A5C5150C82}"
EndProject
Project("{FAE04EC0-301F-11D3-BF4B-00C04F79EFBC}") = "Domain", "Domain\Domain.csproj", "{6520D441-7A44-4E22-8933-37087AEE19F9}"
EndProject
Global
	GlobalSection(SolutionConfigurationPlatforms) = preSolution
		Debug|Any CPU = Debug|Any CPU
		Debug|x64 = Debug|x64
		Debug|x86 = Debug|x86
		Release|Any CPU = Release|Any CPU
		Release|x64 = Release|x64
		Release|x86 = Release|x86
	EndGlobalSection
	GlobalSection(SolutionProperties) = preSolution
		HideSolutionNode = FALSE
	EndGlobalSection
	GlobalSection(ProjectConfigurationPlatforms) = postSolution
		{927B97E8-4415-4AF2-9645-443B3B96FED5}.Debug|Any CPU.ActiveCfg = Debug|Any CPU
		{927B97E8-4415-4AF2-9645-443B3B96FED5}.Debug|Any CPU.Build.0 = Debug|Any CPU
		{927B97E8-4415-4AF2-9645-443B3B96FED5}.Debug|x64.ActiveCfg = Debug|Any CPU
		{927B97E8-4415-4AF2-9645-443B3B96FED5}.Debug|x64.Build.0 = Debug|Any CPU
		{927B97E8-4415-4AF2-9645-443B3B96FED5}.Debug|x86.ActiveCfg = Debug|Any CPU
		{927B97E8-4415-4AF2-9645-443B3B96FED5}.Debug|x86.Build.0 = Debug|Any CPU
		{927B97E8-4415-4AF2-9645-443B3B96FED5}.Release|Any CPU.ActiveCfg = Release|Any CPU
		{927B97E8-4415-4AF2-9645-443B3B96FED5}.Release|Any CPU.Build.0 = Release|Any CPU
		{927B97E8-4415-4AF2-9645-443B3B96FED5}.Release|x64.ActiveCfg = Release|Any CPU
		{927B97E8-4415-4AF2-9645-443B3B96FED5}.Release|x64.Build.0 = Release|Any CPU
		{927B97E8-4415-4AF2-9645-443B3B96FED5}.Release|x86.ActiveCfg = Release|Any CPU
		{927B97E8-4415-4AF2-9645-443B3B96FED5}.Release|x86.Build.0 = Release|Any CPU
		{648735EF-5878-4CC6-BFF1-15F1B2FBE7D6}.Debug|Any CPU.ActiveCfg = Debug|Any CPU
		{648735EF-5878-4CC6-BFF1-15F1B2FBE7D6}.Debug|Any CPU.Build.0 = Debug|Any CPU
		{648735EF-5878-4CC6-BFF1-15F1B2FBE7D6}.Debug|x64.ActiveCfg = Debug|Any CPU
		{648735EF-5878-4CC6-BFF1-15F1B2FBE7D6}.Debug|x64.Build.0 = Debug|Any CPU
		{648735EF-5878-4CC6-BFF1-15F1B2FBE7D6}.Debug|x86.ActiveCfg = Debug|Any CPU
		{648735EF-5878-4CC6-BFF1-15F1B2FBE7D6}.Debug|x86.Build.0 = Debug|Any CPU
		{648735EF-5878-4CC6-BFF1-15F1B2FBE7D6}.Release|Any CPU.ActiveCfg = Release|Any CPU
		{648735EF-5878-4CC6-BFF1-15F1B2FBE7D6}.Release|Any CPU.Build.0 = Release|Any CPU
		{648735EF-5878-4CC6-BFF1-15F1B2FBE7D6}.Release|x64.ActiveCfg = Release|Any CPU
		{648735EF-5878-4CC6-BFF1-15F1B2FBE7D6}.Release|x64.Build.0 = Release|Any CPU
		{648735EF-5878-4CC6-BFF1-15F1B2FBE7D6}.Release|x86.ActiveCfg = Release|Any CPU
		{648735EF-5878-4CC6-BFF1-15F1B2FBE7D6}.Release|x86.Build.0 = Release|Any CPU
		{914669FE-0AFE-4933-AEDF-F0A5C5150C82}.Debug|Any CPU.ActiveCfg = Debug|Any CPU
		{914669FE-0AFE-4933-AEDF-F0A5C5150C82}.Debug|Any CPU.Build.0 = Debug|Any CPU
		{914669FE-0AFE-4933-AEDF-F0A5C5150C82}.Debug|x64.ActiveCfg = Debug|Any CPU
		{914669FE-0AFE-4933-AEDF-F0A5C5150C82}.Debug|x64.Build.0 = Debug|Any CPU
		{914669FE-0AFE-4933-AEDF-F0A5C5150C82}.Debug|x86.ActiveCfg = Debug|Any CPU
		{914669FE-0AFE-4933-AEDF-F0A5C5150C82}.Debug|x86.Build.0 = Debug|Any CPU
		{914669FE-0AFE-4933-AEDF-F0A5C5150C82}.Release|Any CPU.ActiveCfg = Release|Any CPU
		{914669FE-0AFE-4933-AEDF-F0A5C5150C82}.Release|Any CPU.Build.0 = Release|Any CPU
		{914669FE-0AFE-4933-AEDF-F0A5C5150C82}.Release|x64.ActiveCfg = Release|Any CPU
		{914669FE-0AFE-4933-AEDF-F0A5C5150C82}.Release|x64.Build.0 = Release|Any CPU
		{914669FE-0AFE-4933-AEDF-F0A5C5150C82}.Release|x86.ActiveCfg = Release|Any CPU
		{914669FE-0AFE-4933-AEDF-F0A5C5150C82}.Release|x86.Build.0 = Release|Any CPU
		{6520D441-7A44-4E22-8933-37087AEE19F9}.Debug|Any CPU.ActiveCfg = Debug|Any CPU
		{6520D441-7A44-4E22-8933-37087AEE19F9}.Debug|Any CPU.Build.0 = Debug|Any CPU
		{6520D441-7A44-4E22-8933-37087AEE19F9}.Debug|x64.ActiveCfg = Debug|Any CPU
		{6520D441-7A44-4E22-8933-37087AEE19F9}.Debug|x64.Build.0 = Debug|Any CPU
		{6520D441-7A44-4E22-8933-37087AEE19F9}.Debug|x86.ActiveCfg = Debug|Any CPU
		{6520D441-7A44-4E22-8933-37087AEE19F9}.Debug|x86.Build.0 = Debug|Any CPU
		{6520D441-7A44-4E22-8933-37087AEE19F9}.Release|Any CPU.ActiveCfg = Release|Any CPU
		{6520D441-7A44-4E22-8933-37087AEE19F9}.Release|Any CPU.Build.0 = Release|Any CPU
		{6520D441-7A44-4E22-8933-37087AEE19F9}.Release|x64.ActiveCfg = Release|Any CPU
		{6520D441-7A44-4E22-8933-37087AEE19F9}.Release|x64.Build.0 = Release|Any CPU
		{6520D441-7A44-4E22-8933-37087AEE19F9}.Release|x86.ActiveCfg = Release|Any CPU
		{6520D441-7A44-4E22-8933-37087AEE19F9}.Release|x86.Build.0 = Release|Any CPU
	EndGlobalSection
EndGlobal
